
Microsoft Visual Studio Solution File, Format Version 12.00
# Visual Studio Version 17
VisualStudioVersion = 17.0.31903.59
MinimumVisualStudioVersion = 10.0.40219.1
Project("{2150E333-8FDC-42A3-9474-1A3956D46DE8}") = "net6.0", "net6.0", "{B71F5C83-6900-41ED-A168-0DFDB7B50862}"
EndProject
Project("{2150E333-8FDC-42A3-9474-1A3956D46DE8}") = "basic", "basic", "{5A0EAFBA-CB49-47BA-964E-BF30CC602A68}"
EndProject
Project("{2150E333-8FDC-42A3-9474-1A3956D46DE8}") = "advanced", "advanced", "{7CCE8ED1-4DFC-4262-A2F0-6A6AC9696AD2}"
EndProject
Project("{2150E333-8FDC-42A3-9474-1A3956D46DE8}") = "net7.0", "net7.0", "{19714641-20E5-426A-AEAC-16D9EA215A14}"
EndProject
Project("{2150E333-8FDC-42A3-9474-1A3956D46DE8}") = "net8.0", "net8.0", "{59F75FA2-6BD3-42FC-957F-791763EFA895}"
EndProject
Project("{2150E333-8FDC-42A3-9474-1A3956D46DE8}") = "advanced", "advanced", "{808708B0-4066-4787-A6B6-355966BBA06F}"
EndProject
Project("{2150E333-8FDC-42A3-9474-1A3956D46DE8}") = "basic", "basic", "{4A6CF790-C7E1-43AE-AF63-47FD98BD44F6}"
EndProject
Project("{2150E333-8FDC-42A3-9474-1A3956D46DE8}") = "advanced", "advanced", "{E46A08E0-123E-4534-A8BC-621D4CD7BFB2}"
EndProject
Project("{2150E333-8FDC-42A3-9474-1A3956D46DE8}") = "basic", "basic", "{1AF4C1FB-FEE5-4B28-B10A-FA84FC32AD72}"
EndProject
Project("{6EC3EE1D-3C4E-46DD-8F32-0CC8E7565705}") = "build", "net6.0\advanced\build.fsproj", "{175EAAB6-AA45-4A6F-945E-004AFC08B9D4}"
EndProject
Project("{6EC3EE1D-3C4E-46DD-8F32-0CC8E7565705}") = "build", "net6.0\basic\build.fsproj", "{00B8B642-44E4-4D3F-A5B5-40F94B706687}"
EndProject
Project("{6EC3EE1D-3C4E-46DD-8F32-0CC8E7565705}") = "build", "net7.0\advanced\build.fsproj", "{4A87678A-95A9-47B5-A640-2081ED5729DF}"
EndProject
Project("{6EC3EE1D-3C4E-46DD-8F32-0CC8E7565705}") = "build", "net7.0\basic\build.fsproj", "{07DD6173-41A7-4F60-BA29-E9AD0FE20D6A}"
EndProject
Project("{6EC3EE1D-3C4E-46DD-8F32-0CC8E7565705}") = "build", "net8.0\advanced\build.fsproj", "{6FC160C9-AB5A-459C-BC43-E0915305E49E}"
EndProject
Project("{6EC3EE1D-3C4E-46DD-8F32-0CC8E7565705}") = "build", "net8.0\basic\build.fsproj", "{EBF560FE-89B5-495B-B0D5-5C944369401D}"
EndProject
Global
	GlobalSection(SolutionConfigurationPlatforms) = preSolution
		Debug|Any CPU = Debug|Any CPU
		Release|Any CPU = Release|Any CPU
	EndGlobalSection
	GlobalSection(ProjectConfigurationPlatforms) = postSolution
		{175EAAB6-AA45-4A6F-945E-004AFC08B9D4}.Debug|Any CPU.ActiveCfg = Debug|Any CPU
		{175EAAB6-AA45-4A6F-945E-004AFC08B9D4}.Debug|Any CPU.Build.0 = Debug|Any CPU
		{175EAAB6-AA45-4A6F-945E-004AFC08B9D4}.Release|Any CPU.ActiveCfg = Release|Any CPU
		{175EAAB6-AA45-4A6F-945E-004AFC08B9D4}.Release|Any CPU.Build.0 = Release|Any CPU
		{00B8B642-44E4-4D3F-A5B5-40F94B706687}.Debug|Any CPU.ActiveCfg = Debug|Any CPU
		{00B8B642-44E4-4D3F-A5B5-40F94B706687}.Debug|Any CPU.Build.0 = Debug|Any CPU
		{00B8B642-44E4-4D3F-A5B5-40F94B706687}.Release|Any CPU.ActiveCfg = Release|Any CPU
		{00B8B642-44E4-4D3F-A5B5-40F94B706687}.Release|Any CPU.Build.0 = Release|Any CPU
		{4A87678A-95A9-47B5-A640-2081ED5729DF}.Debug|Any CPU.ActiveCfg = Debug|Any CPU
		{4A87678A-95A9-47B5-A640-2081ED5729DF}.Debug|Any CPU.Build.0 = Debug|Any CPU
		{4A87678A-95A9-47B5-A640-2081ED5729DF}.Release|Any CPU.ActiveCfg = Release|Any CPU
		{4A87678A-95A9-47B5-A640-2081ED5729DF}.Release|Any CPU.Build.0 = Release|Any CPU
		{07DD6173-41A7-4F60-BA29-E9AD0FE20D6A}.Debug|Any CPU.ActiveCfg = Debug|Any CPU
		{07DD6173-41A7-4F60-BA29-E9AD0FE20D6A}.Debug|Any CPU.Build.0 = Debug|Any CPU
		{07DD6173-41A7-4F60-BA29-E9AD0FE20D6A}.Release|Any CPU.ActiveCfg = Release|Any CPU
		{07DD6173-41A7-4F60-BA29-E9AD0FE20D6A}.Release|Any CPU.Build.0 = Release|Any CPU
		{6FC160C9-AB5A-459C-BC43-E0915305E49E}.Debug|Any CPU.ActiveCfg = Debug|Any CPU
		{6FC160C9-AB5A-459C-BC43-E0915305E49E}.Debug|Any CPU.Build.0 = Debug|Any CPU
		{6FC160C9-AB5A-459C-BC43-E0915305E49E}.Release|Any CPU.ActiveCfg = Release|Any CPU
		{6FC160C9-AB5A-459C-BC43-E0915305E49E}.Release|Any CPU.Build.0 = Release|Any CPU
		{EBF560FE-89B5-495B-B0D5-5C944369401D}.Debug|Any CPU.ActiveCfg = Debug|Any CPU
		{EBF560FE-89B5-495B-B0D5-5C944369401D}.Debug|Any CPU.Build.0 = Debug|Any CPU
		{EBF560FE-89B5-495B-B0D5-5C944369401D}.Release|Any CPU.ActiveCfg = Release|Any CPU
		{EBF560FE-89B5-495B-B0D5-5C944369401D}.Release|Any CPU.Build.0 = Release|Any CPU
	EndGlobalSection
	GlobalSection(SolutionProperties) = preSolution
		HideSolutionNode = FALSE
	EndGlobalSection
	GlobalSection(NestedProjects) = preSolution
		{5A0EAFBA-CB49-47BA-964E-BF30CC602A68} = {B71F5C83-6900-41ED-A168-0DFDB7B50862}
		{7CCE8ED1-4DFC-4262-A2F0-6A6AC9696AD2} = {B71F5C83-6900-41ED-A168-0DFDB7B50862}
		{808708B0-4066-4787-A6B6-355966BBA06F} = {19714641-20E5-426A-AEAC-16D9EA215A14}
		{4A6CF790-C7E1-43AE-AF63-47FD98BD44F6} = {19714641-20E5-426A-AEAC-16D9EA215A14}
		{E46A08E0-123E-4534-A8BC-621D4CD7BFB2} = {59F75FA2-6BD3-42FC-957F-791763EFA895}
		{1AF4C1FB-FEE5-4B28-B10A-FA84FC32AD72} = {59F75FA2-6BD3-42FC-957F-791763EFA895}
		{175EAAB6-AA45-4A6F-945E-004AFC08B9D4} = {7CCE8ED1-4DFC-4262-A2F0-6A6AC9696AD2}
		{00B8B642-44E4-4D3F-A5B5-40F94B706687} = {5A0EAFBA-CB49-47BA-964E-BF30CC602A68}
		{4A87678A-95A9-47B5-A640-2081ED5729DF} = {808708B0-4066-4787-A6B6-355966BBA06F}
		{07DD6173-41A7-4F60-BA29-E9AD0FE20D6A} = {4A6CF790-C7E1-43AE-AF63-47FD98BD44F6}
		{6FC160C9-AB5A-459C-BC43-E0915305E49E} = {E46A08E0-123E-4534-A8BC-621D4CD7BFB2}
		{EBF560FE-89B5-495B-B0D5-5C944369401D} = {1AF4C1FB-FEE5-4B28-B10A-FA84FC32AD72}
	EndGlobalSection
EndGlobal
